
Microsoft Visual Studio Solution File, Format Version 12.00
# Visual Studio Version 16
VisualStudioVersion = 16.0.31005.135
MinimumVisualStudioVersion = 10.0.40219.1
Project("{FAE04EC0-301F-11D3-BF4B-00C04F79EFBC}") = "ProductsApp", "ProductsApp\ProductsApp.csproj", "{C6B1A9D3-8FAD-445E-9735-E2E5B5F89B98}"
EndProject
Global
	GlobalSection(SolutionConfigurationPlatforms) = preSolution
		Debug|Any CPU = Debug|Any CPU
		Release|Any CPU = Release|Any CPU
	EndGlobalSection
	GlobalSection(ProjectConfigurationPlatforms) = postSolution
		{C6B1A9D3-8FAD-445E-9735-E2E5B5F89B98}.Debug|Any CPU.ActiveCfg = Debug|Any CPU
		{C6B1A9D3-8FAD-445E-9735-E2E5B5F89B98}.Debug|Any CPU.Build.0 = Debug|Any CPU
		{C6B1A9D3-8FAD-445E-9735-E2E5B5F89B98}.Release|Any CPU.ActiveCfg = Release|Any CPU
		{C6B1A9D3-8FAD-445E-9735-E2E5B5F89B98}.Release|Any CPU.Build.0 = Release|Any CPU
	EndGlobalSection
	GlobalSection(SolutionProperties) = preSolution
		HideSolutionNode = FALSE
	EndGlobalSection
	GlobalSection(ExtensibilityGlobals) = postSolution
		SolutionGuid = {B887BCB9-D62E-446E-9383-2EE495DF8032}
	EndGlobalSection
EndGlobal
